// !$*UTF8*$!
{
	archiveVersion = 1;
	classes = {
	};
	objectVersion = 50;
	objects = {

/* Begin PBXBuildFile section */
		8B358FEC20B8AB5B000BD1F9 /* AppDelegate.swift in Sources */ = {isa = PBXBuildFile; fileRef = 8B358FEB20B8AB5B000BD1F9 /* AppDelegate.swift */; };
		8B358FEE20B8AB5B000BD1F9 /* viewController.swift in Sources */ = {isa = PBXBuildFile; fileRef = 8B358FED20B8AB5B000BD1F9 /* viewController.swift */; };
		8B358FF120B8AB5B000BD1F9 /* Main.storyboard in Resources */ = {isa = PBXBuildFile; fileRef = 8B358FEF20B8AB5B000BD1F9 /* Main.storyboard */; };
		8B358FF320B8AB5D000BD1F9 /* Assets.xcassets in Resources */ = {isa = PBXBuildFile; fileRef = 8B358FF220B8AB5D000BD1F9 /* Assets.xcassets */; };
		8B358FF620B8AB5D000BD1F9 /* LaunchScreen.storyboard in Resources */ = {isa = PBXBuildFile; fileRef = 8B358FF420B8AB5D000BD1F9 /* LaunchScreen.storyboard */; };
		8B35900120B8AB5D000BD1F9 /* JoiyceTests.swift in Sources */ = {isa = PBXBuildFile; fileRef = 8B35900020B8AB5D000BD1F9 /* JoiyceTests.swift */; };
		8B35900C20B8AB5D000BD1F9 /* JoiyceUITests.swift in Sources */ = {isa = PBXBuildFile; fileRef = 8B35900B20B8AB5D000BD1F9 /* JoiyceUITests.swift */; };
		8B35901E20B8AF09000BD1F9 /* Lumina.framework in Frameworks */ = {isa = PBXBuildFile; fileRef = 8B35901D20B8AF08000BD1F9 /* Lumina.framework */; };
		8B35902220B8B0F2000BD1F9 /* GameObjects.json in Resources */ = {isa = PBXBuildFile; fileRef = 8B35902120B8B0F2000BD1F9 /* GameObjects.json */; };
		8B35902420B8B170000BD1F9 /* ObjectConfig.swift in Sources */ = {isa = PBXBuildFile; fileRef = 8B35902320B8B170000BD1F9 /* ObjectConfig.swift */; };
		8B35902820B8B91E000BD1F9 /* Lumina.framework in Embed Frameworks */ = {isa = PBXBuildFile; fileRef = 8B35901D20B8AF08000BD1F9 /* Lumina.framework */; settings = {ATTRIBUTES = (CodeSignOnCopy, RemoveHeadersOnCopy, ); }; };
		8B35903220B8D610000BD1F9 /* TextToSpeechV1.framework in Frameworks */ = {isa = PBXBuildFile; fileRef = 8B35902E20B8D5FF000BD1F9 /* TextToSpeechV1.framework */; };
		8B35903320B8D610000BD1F9 /* TextToSpeechV1.framework in Embed Frameworks */ = {isa = PBXBuildFile; fileRef = 8B35902E20B8D5FF000BD1F9 /* TextToSpeechV1.framework */; settings = {ATTRIBUTES = (CodeSignOnCopy, RemoveHeadersOnCopy, ); }; };
		8B35903C20B935BD000BD1F9 /* ToneAnalyzerV3.framework in Frameworks */ = {isa = PBXBuildFile; fileRef = 8B35903A20B935B4000BD1F9 /* ToneAnalyzerV3.framework */; };
		8B35903D20B935BD000BD1F9 /* ToneAnalyzerV3.framework in Embed Frameworks */ = {isa = PBXBuildFile; fileRef = 8B35903A20B935B4000BD1F9 /* ToneAnalyzerV3.framework */; settings = {ATTRIBUTES = (CodeSignOnCopy, RemoveHeadersOnCopy, ); }; };
		8B35903F20B93E79000BD1F9 /* DefaultCustomModel_1336116900.mlmodel in Sources */ = {isa = PBXBuildFile; fileRef = 8B35903E20B93E79000BD1F9 /* DefaultCustomModel_1336116900.mlmodel */; };
/* End PBXBuildFile section */

/* Begin PBXContainerItemProxy section */
		8B358FFD20B8AB5D000BD1F9 /* PBXContainerItemProxy */ = {
			isa = PBXContainerItemProxy;
			containerPortal = 8B358FE020B8AB5B000BD1F9 /* Project object */;
			proxyType = 1;
			remoteGlobalIDString = 8B358FE720B8AB5B000BD1F9;
			remoteInfo = Joiyce;
		};
		8B35900820B8AB5D000BD1F9 /* PBXContainerItemProxy */ = {
			isa = PBXContainerItemProxy;
			containerPortal = 8B358FE020B8AB5B000BD1F9 /* Project object */;
			proxyType = 1;
			remoteGlobalIDString = 8B358FE720B8AB5B000BD1F9;
			remoteInfo = Joiyce;
		};
/* End PBXContainerItemProxy section */

/* Begin PBXCopyFilesBuildPhase section */
		8B35902920B8B91E000BD1F9 /* Embed Frameworks */ = {
			isa = PBXCopyFilesBuildPhase;
			buildActionMask = 2147483647;
			dstPath = "";
			dstSubfolderSpec = 10;
			files = (
				8B35903D20B935BD000BD1F9 /* ToneAnalyzerV3.framework in Embed Frameworks */,
				8B35903320B8D610000BD1F9 /* TextToSpeechV1.framework in Embed Frameworks */,
				8B35902820B8B91E000BD1F9 /* Lumina.framework in Embed Frameworks */,
			);
			name = "Embed Frameworks";
			runOnlyForDeploymentPostprocessing = 0;
		};
/* End PBXCopyFilesBuildPhase section */

/* Begin PBXFileReference section */
		8B358FE820B8AB5B000BD1F9 /* Joiyce.app */ = {isa = PBXFileReference; explicitFileType = wrapper.application; includeInIndex = 0; path = Joiyce.app; sourceTree = BUILT_PRODUCTS_DIR; };
		8B358FEB20B8AB5B000BD1F9 /* AppDelegate.swift */ = {isa = PBXFileReference; lastKnownFileType = sourcecode.swift; path = AppDelegate.swift; sourceTree = "<group>"; };
		8B358FED20B8AB5B000BD1F9 /* viewController.swift */ = {isa = PBXFileReference; lastKnownFileType = sourcecode.swift; path = viewController.swift; sourceTree = "<group>"; };
		8B358FF020B8AB5B000BD1F9 /* Base */ = {isa = PBXFileReference; lastKnownFileType = file.storyboard; name = Base; path = Base.lproj/Main.storyboard; sourceTree = "<group>"; };
		8B358FF220B8AB5D000BD1F9 /* Assets.xcassets */ = {isa = PBXFileReference; lastKnownFileType = folder.assetcatalog; path = Assets.xcassets; sourceTree = "<group>"; };
		8B358FF520B8AB5D000BD1F9 /* Base */ = {isa = PBXFileReference; lastKnownFileType = file.storyboard; name = Base; path = Base.lproj/LaunchScreen.storyboard; sourceTree = "<group>"; };
		8B358FF720B8AB5D000BD1F9 /* Info.plist */ = {isa = PBXFileReference; lastKnownFileType = text.plist.xml; path = Info.plist; sourceTree = "<group>"; };
		8B358FFC20B8AB5D000BD1F9 /* JoiyceTests.xctest */ = {isa = PBXFileReference; explicitFileType = wrapper.cfbundle; includeInIndex = 0; path = JoiyceTests.xctest; sourceTree = BUILT_PRODUCTS_DIR; };
		8B35900020B8AB5D000BD1F9 /* JoiyceTests.swift */ = {isa = PBXFileReference; lastKnownFileType = sourcecode.swift; path = JoiyceTests.swift; sourceTree = "<group>"; };
		8B35900220B8AB5D000BD1F9 /* Info.plist */ = {isa = PBXFileReference; lastKnownFileType = text.plist.xml; path = Info.plist; sourceTree = "<group>"; };
		8B35900720B8AB5D000BD1F9 /* JoiyceUITests.xctest */ = {isa = PBXFileReference; explicitFileType = wrapper.cfbundle; includeInIndex = 0; path = JoiyceUITests.xctest; sourceTree = BUILT_PRODUCTS_DIR; };
		8B35900B20B8AB5D000BD1F9 /* JoiyceUITests.swift */ = {isa = PBXFileReference; lastKnownFileType = sourcecode.swift; path = JoiyceUITests.swift; sourceTree = "<group>"; };
		8B35900D20B8AB5D000BD1F9 /* Info.plist */ = {isa = PBXFileReference; lastKnownFileType = text.plist.xml; path = Info.plist; sourceTree = "<group>"; };
		8B35901D20B8AF08000BD1F9 /* Lumina.framework */ = {isa = PBXFileReference; lastKnownFileType = wrapper.framework; name = Lumina.framework; path = Carthage/Build/iOS/Lumina.framework; sourceTree = SOURCE_ROOT; };
		8B35902120B8B0F2000BD1F9 /* GameObjects.json */ = {isa = PBXFileReference; fileEncoding = 4; lastKnownFileType = text.json; path = GameObjects.json; sourceTree = "<group>"; };
		8B35902320B8B170000BD1F9 /* ObjectConfig.swift */ = {isa = PBXFileReference; fileEncoding = 4; lastKnownFileType = sourcecode.swift; path = ObjectConfig.swift; sourceTree = "<group>"; };
		8B35902E20B8D5FF000BD1F9 /* TextToSpeechV1.framework */ = {isa = PBXFileReference; lastKnownFileType = wrapper.framework; name = TextToSpeechV1.framework; path = Carthage/Build/iOS/TextToSpeechV1.framework; sourceTree = SOURCE_ROOT; };
		8B35903A20B935B4000BD1F9 /* ToneAnalyzerV3.framework */ = {isa = PBXFileReference; lastKnownFileType = wrapper.framework; name = ToneAnalyzerV3.framework; path = Carthage/Build/iOS/ToneAnalyzerV3.framework; sourceTree = SOURCE_ROOT; };
		8B35903E20B93E79000BD1F9 /* DefaultCustomModel_1336116900.mlmodel */ = {isa = PBXFileReference; lastKnownFileType = file.mlmodel; path = DefaultCustomModel_1336116900.mlmodel; sourceTree = "<group>"; };
/* End PBXFileReference section */

/* Begin PBXFrameworksBuildPhase section */
		8B358FE520B8AB5B000BD1F9 /* Frameworks */ = {
			isa = PBXFrameworksBuildPhase;
			buildActionMask = 2147483647;
			files = (
				8B35903C20B935BD000BD1F9 /* ToneAnalyzerV3.framework in Frameworks */,
				8B35903220B8D610000BD1F9 /* TextToSpeechV1.framework in Frameworks */,
				8B35901E20B8AF09000BD1F9 /* Lumina.framework in Frameworks */,
			);
			runOnlyForDeploymentPostprocessing = 0;
		};
		8B358FF920B8AB5D000BD1F9 /* Frameworks */ = {
			isa = PBXFrameworksBuildPhase;
			buildActionMask = 2147483647;
			files = (
			);
			runOnlyForDeploymentPostprocessing = 0;
		};
		8B35900420B8AB5D000BD1F9 /* Frameworks */ = {
			isa = PBXFrameworksBuildPhase;
			buildActionMask = 2147483647;
			files = (
			);
			runOnlyForDeploymentPostprocessing = 0;
		};
/* End PBXFrameworksBuildPhase section */

/* Begin PBXGroup section */
		8B358FDF20B8AB5B000BD1F9 = {
			isa = PBXGroup;
			children = (
				8B358FEA20B8AB5B000BD1F9 /* Joiyce */,
				8B358FFF20B8AB5D000BD1F9 /* JoiyceTests */,
				8B35900A20B8AB5D000BD1F9 /* JoiyceUITests */,
				8B358FE920B8AB5B000BD1F9 /* Products */,
			);
			sourceTree = "<group>";
		};
		8B358FE920B8AB5B000BD1F9 /* Products */ = {
			isa = PBXGroup;
			children = (
				8B358FE820B8AB5B000BD1F9 /* Joiyce.app */,
				8B358FFC20B8AB5D000BD1F9 /* JoiyceTests.xctest */,
				8B35900720B8AB5D000BD1F9 /* JoiyceUITests.xctest */,
			);
			name = Products;
			sourceTree = "<group>";
		};
		8B358FEA20B8AB5B000BD1F9 /* Joiyce */ = {
			isa = PBXGroup;
			children = (
				8B35902020B8B07A000BD1F9 /* Config */,
				8B358FEB20B8AB5B000BD1F9 /* AppDelegate.swift */,
				8B35903A20B935B4000BD1F9 /* ToneAnalyzerV3.framework */,
				8B35901D20B8AF08000BD1F9 /* Lumina.framework */,
				8B35902E20B8D5FF000BD1F9 /* TextToSpeechV1.framework */,
				8B358FED20B8AB5B000BD1F9 /* viewController.swift */,
				8B35903E20B93E79000BD1F9 /* DefaultCustomModel_1336116900.mlmodel */,
				8B358FEF20B8AB5B000BD1F9 /* Main.storyboard */,
				8B358FF220B8AB5D000BD1F9 /* Assets.xcassets */,
				8B358FF420B8AB5D000BD1F9 /* LaunchScreen.storyboard */,
				8B358FF720B8AB5D000BD1F9 /* Info.plist */,
			);
			path = Joiyce;
			sourceTree = "<group>";
		};
		8B358FFF20B8AB5D000BD1F9 /* JoiyceTests */ = {
			isa = PBXGroup;
			children = (
				8B35900020B8AB5D000BD1F9 /* JoiyceTests.swift */,
				8B35900220B8AB5D000BD1F9 /* Info.plist */,
			);
			path = JoiyceTests;
			sourceTree = "<group>";
		};
		8B35900A20B8AB5D000BD1F9 /* JoiyceUITests */ = {
			isa = PBXGroup;
			children = (
				8B35900B20B8AB5D000BD1F9 /* JoiyceUITests.swift */,
				8B35900D20B8AB5D000BD1F9 /* Info.plist */,
			);
			path = JoiyceUITests;
			sourceTree = "<group>";
		};
		8B35902020B8B07A000BD1F9 /* Config */ = {
			isa = PBXGroup;
			children = (
				8B35902320B8B170000BD1F9 /* ObjectConfig.swift */,
				8B35902120B8B0F2000BD1F9 /* GameObjects.json */,
			);
			path = Config;
			sourceTree = "<group>";
		};
/* End PBXGroup section */

/* Begin PBXNativeTarget section */
		8B358FE720B8AB5B000BD1F9 /* Joiyce */ = {
			isa = PBXNativeTarget;
			buildConfigurationList = 8B35901020B8AB5D000BD1F9 /* Build configuration list for PBXNativeTarget "Joiyce" */;
			buildPhases = (
				8B358FE420B8AB5B000BD1F9 /* Sources */,
				8B358FE520B8AB5B000BD1F9 /* Frameworks */,
				8B358FE620B8AB5B000BD1F9 /* Resources */,
				8B35902920B8B91E000BD1F9 /* Embed Frameworks */,
			);
			buildRules = (
			);
			dependencies = (
			);
			name = Joiyce;
			productName = Joiyce;
			productReference = 8B358FE820B8AB5B000BD1F9 /* Joiyce.app */;
			productType = "com.apple.product-type.application";
		};
		8B358FFB20B8AB5D000BD1F9 /* JoiyceTests */ = {
			isa = PBXNativeTarget;
			buildConfigurationList = 8B35901320B8AB5D000BD1F9 /* Build configuration list for PBXNativeTarget "JoiyceTests" */;
			buildPhases = (
				8B358FF820B8AB5D000BD1F9 /* Sources */,
				8B358FF920B8AB5D000BD1F9 /* Frameworks */,
				8B358FFA20B8AB5D000BD1F9 /* Resources */,
			);
			buildRules = (
			);
			dependencies = (
				8B358FFE20B8AB5D000BD1F9 /* PBXTargetDependency */,
			);
			name = JoiyceTests;
			productName = JoiyceTests;
			productReference = 8B358FFC20B8AB5D000BD1F9 /* JoiyceTests.xctest */;
			productType = "com.apple.product-type.bundle.unit-test";
		};
		8B35900620B8AB5D000BD1F9 /* JoiyceUITests */ = {
			isa = PBXNativeTarget;
			buildConfigurationList = 8B35901620B8AB5D000BD1F9 /* Build configuration list for PBXNativeTarget "JoiyceUITests" */;
			buildPhases = (
				8B35900320B8AB5D000BD1F9 /* Sources */,
				8B35900420B8AB5D000BD1F9 /* Frameworks */,
				8B35900520B8AB5D000BD1F9 /* Resources */,
			);
			buildRules = (
			);
			dependencies = (
				8B35900920B8AB5D000BD1F9 /* PBXTargetDependency */,
			);
			name = JoiyceUITests;
			productName = JoiyceUITests;
			productReference = 8B35900720B8AB5D000BD1F9 /* JoiyceUITests.xctest */;
			productType = "com.apple.product-type.bundle.ui-testing";
		};
/* End PBXNativeTarget section */

/* Begin PBXProject section */
		8B358FE020B8AB5B000BD1F9 /* Project object */ = {
			isa = PBXProject;
			attributes = {
				LastSwiftUpdateCheck = 0930;
				LastUpgradeCheck = 0930;
				ORGANIZATIONNAME = "Toon Van Strijp";
				TargetAttributes = {
					8B358FE720B8AB5B000BD1F9 = {
						CreatedOnToolsVersion = 9.3.1;
					};
					8B358FFB20B8AB5D000BD1F9 = {
						CreatedOnToolsVersion = 9.3.1;
						TestTargetID = 8B358FE720B8AB5B000BD1F9;
					};
					8B35900620B8AB5D000BD1F9 = {
						CreatedOnToolsVersion = 9.3.1;
						TestTargetID = 8B358FE720B8AB5B000BD1F9;
					};
				};
			};
			buildConfigurationList = 8B358FE320B8AB5B000BD1F9 /* Build configuration list for PBXProject "Joiyce" */;
			compatibilityVersion = "Xcode 9.3";
			developmentRegion = en;
			hasScannedForEncodings = 0;
			knownRegions = (
				en,
				Base,
			);
			mainGroup = 8B358FDF20B8AB5B000BD1F9;
			productRefGroup = 8B358FE920B8AB5B000BD1F9 /* Products */;
			projectDirPath = "";
			projectRoot = "";
			targets = (
				8B358FE720B8AB5B000BD1F9 /* Joiyce */,
				8B358FFB20B8AB5D000BD1F9 /* JoiyceTests */,
				8B35900620B8AB5D000BD1F9 /* JoiyceUITests */,
			);
		};
/* End PBXProject section */

/* Begin PBXResourcesBuildPhase section */
		8B358FE620B8AB5B000BD1F9 /* Resources */ = {
			isa = PBXResourcesBuildPhase;
			buildActionMask = 2147483647;
			files = (
				8B35902220B8B0F2000BD1F9 /* GameObjects.json in Resources */,
				8B358FF620B8AB5D000BD1F9 /* LaunchScreen.storyboard in Resources */,
				8B358FF320B8AB5D000BD1F9 /* Assets.xcassets in Resources */,
				8B358FF120B8AB5B000BD1F9 /* Main.storyboard in Resources */,
			);
			runOnlyForDeploymentPostprocessing = 0;
		};
		8B358FFA20B8AB5D000BD1F9 /* Resources */ = {
			isa = PBXResourcesBuildPhase;
			buildActionMask = 2147483647;
			files = (
			);
			runOnlyForDeploymentPostprocessing = 0;
		};
		8B35900520B8AB5D000BD1F9 /* Resources */ = {
			isa = PBXResourcesBuildPhase;
			buildActionMask = 2147483647;
			files = (
			);
			runOnlyForDeploymentPostprocessing = 0;
		};
/* End PBXResourcesBuildPhase section */

/* Begin PBXSourcesBuildPhase section */
		8B358FE420B8AB5B000BD1F9 /* Sources */ = {
			isa = PBXSourcesBuildPhase;
			buildActionMask = 2147483647;
			files = (
				8B35903F20B93E79000BD1F9 /* DefaultCustomModel_1336116900.mlmodel in Sources */,
				8B358FEE20B8AB5B000BD1F9 /* viewController.swift in Sources */,
				8B35902420B8B170000BD1F9 /* ObjectConfig.swift in Sources */,
				8B358FEC20B8AB5B000BD1F9 /* AppDelegate.swift in Sources */,
			);
			runOnlyForDeploymentPostprocessing = 0;
		};
		8B358FF820B8AB5D000BD1F9 /* Sources */ = {
			isa = PBXSourcesBuildPhase;
			buildActionMask = 2147483647;
			files = (
				8B35900120B8AB5D000BD1F9 /* JoiyceTests.swift in Sources */,
			);
			runOnlyForDeploymentPostprocessing = 0;
		};
		8B35900320B8AB5D000BD1F9 /* Sources */ = {
			isa = PBXSourcesBuildPhase;
			buildActionMask = 2147483647;
			files = (
				8B35900C20B8AB5D000BD1F9 /* JoiyceUITests.swift in Sources */,
			);
			runOnlyForDeploymentPostprocessing = 0;
		};
/* End PBXSourcesBuildPhase section */

/* Begin PBXTargetDependency section */
		8B358FFE20B8AB5D000BD1F9 /* PBXTargetDependency */ = {
			isa = PBXTargetDependency;
			target = 8B358FE720B8AB5B000BD1F9 /* Joiyce */;
			targetProxy = 8B358FFD20B8AB5D000BD1F9 /* PBXContainerItemProxy */;
		};
		8B35900920B8AB5D000BD1F9 /* PBXTargetDependency */ = {
			isa = PBXTargetDependency;
			target = 8B358FE720B8AB5B000BD1F9 /* Joiyce */;
			targetProxy = 8B35900820B8AB5D000BD1F9 /* PBXContainerItemProxy */;
		};
/* End PBXTargetDependency section */

/* Begin PBXVariantGroup section */
		8B358FEF20B8AB5B000BD1F9 /* Main.storyboard */ = {
			isa = PBXVariantGroup;
			children = (
				8B358FF020B8AB5B000BD1F9 /* Base */,
			);
			name = Main.storyboard;
			sourceTree = "<group>";
		};
		8B358FF420B8AB5D000BD1F9 /* LaunchScreen.storyboard */ = {
			isa = PBXVariantGroup;
			children = (
				8B358FF520B8AB5D000BD1F9 /* Base */,
			);
			name = LaunchScreen.storyboard;
			sourceTree = "<group>";
		};
/* End PBXVariantGroup section */

/* Begin XCBuildConfiguration section */
		8B35900E20B8AB5D000BD1F9 /* Debug */ = {
			isa = XCBuildConfiguration;
			buildSettings = {
				ALWAYS_SEARCH_USER_PATHS = NO;
				CLANG_ANALYZER_NONNULL = YES;
				CLANG_ANALYZER_NUMBER_OBJECT_CONVERSION = YES_AGGRESSIVE;
				CLANG_CXX_LANGUAGE_STANDARD = "gnu++14";
				CLANG_CXX_LIBRARY = "libc++";
				CLANG_ENABLE_MODULES = YES;
				CLANG_ENABLE_OBJC_ARC = YES;
				CLANG_ENABLE_OBJC_WEAK = YES;
				CLANG_WARN_BLOCK_CAPTURE_AUTORELEASING = YES;
				CLANG_WARN_BOOL_CONVERSION = YES;
				CLANG_WARN_COMMA = YES;
				CLANG_WARN_CONSTANT_CONVERSION = YES;
				CLANG_WARN_DEPRECATED_OBJC_IMPLEMENTATIONS = YES;
				CLANG_WARN_DIRECT_OBJC_ISA_USAGE = YES_ERROR;
				CLANG_WARN_DOCUMENTATION_COMMENTS = YES;
				CLANG_WARN_EMPTY_BODY = YES;
				CLANG_WARN_ENUM_CONVERSION = YES;
				CLANG_WARN_INFINITE_RECURSION = YES;
				CLANG_WARN_INT_CONVERSION = YES;
				CLANG_WARN_NON_LITERAL_NULL_CONVERSION = YES;
				CLANG_WARN_OBJC_IMPLICIT_RETAIN_SELF = YES;
				CLANG_WARN_OBJC_LITERAL_CONVERSION = YES;
				CLANG_WARN_OBJC_ROOT_CLASS = YES_ERROR;
				CLANG_WARN_RANGE_LOOP_ANALYSIS = YES;
				CLANG_WARN_STRICT_PROTOTYPES = YES;
				CLANG_WARN_SUSPICIOUS_MOVE = YES;
				CLANG_WARN_UNGUARDED_AVAILABILITY = YES_AGGRESSIVE;
				CLANG_WARN_UNREACHABLE_CODE = YES;
				CLANG_WARN__DUPLICATE_METHOD_MATCH = YES;
				CODE_SIGN_IDENTITY = "iPhone Developer";
				COPY_PHASE_STRIP = NO;
				DEBUG_INFORMATION_FORMAT = dwarf;
				ENABLE_STRICT_OBJC_MSGSEND = YES;
				ENABLE_TESTABILITY = YES;
				GCC_C_LANGUAGE_STANDARD = gnu11;
				GCC_DYNAMIC_NO_PIC = NO;
				GCC_NO_COMMON_BLOCKS = YES;
				GCC_OPTIMIZATION_LEVEL = 0;
				GCC_PREPROCESSOR_DEFINITIONS = (
					"DEBUG=1",
					"$(inherited)",
				);
				GCC_WARN_64_TO_32_BIT_CONVERSION = YES;
				GCC_WARN_ABOUT_RETURN_TYPE = YES_ERROR;
				GCC_WARN_UNDECLARED_SELECTOR = YES;
				GCC_WARN_UNINITIALIZED_AUTOS = YES_AGGRESSIVE;
				GCC_WARN_UNUSED_FUNCTION = YES;
				GCC_WARN_UNUSED_VARIABLE = YES;
				IPHONEOS_DEPLOYMENT_TARGET = 11.3;
				MTL_ENABLE_DEBUG_INFO = YES;
				ONLY_ACTIVE_ARCH = YES;
				SDKROOT = iphoneos;
				SWIFT_ACTIVE_COMPILATION_CONDITIONS = DEBUG;
				SWIFT_OPTIMIZATION_LEVEL = "-Onone";
			};
			name = Debug;
		};
		8B35900F20B8AB5D000BD1F9 /* Release */ = {
			isa = XCBuildConfiguration;
			buildSettings = {
				ALWAYS_SEARCH_USER_PATHS = NO;
				CLANG_ANALYZER_NONNULL = YES;
				CLANG_ANALYZER_NUMBER_OBJECT_CONVERSION = YES_AGGRESSIVE;
				CLANG_CXX_LANGUAGE_STANDARD = "gnu++14";
				CLANG_CXX_LIBRARY = "libc++";
				CLANG_ENABLE_MODULES = YES;
				CLANG_ENABLE_OBJC_ARC = YES;
				CLANG_ENABLE_OBJC_WEAK = YES;
				CLANG_WARN_BLOCK_CAPTURE_AUTORELEASING = YES;
				CLANG_WARN_BOOL_CONVERSION = YES;
				CLANG_WARN_COMMA = YES;
				CLANG_WARN_CONSTANT_CONVERSION = YES;
				CLANG_WARN_DEPRECATED_OBJC_IMPLEMENTATIONS = YES;
				CLANG_WARN_DIRECT_OBJC_ISA_USAGE = YES_ERROR;
				CLANG_WARN_DOCUMENTATION_COMMENTS = YES;
				CLANG_WARN_EMPTY_BODY = YES;
				CLANG_WARN_ENUM_CONVERSION = YES;
				CLANG_WARN_INFINITE_RECURSION = YES;
				CLANG_WARN_INT_CONVERSION = YES;
				CLANG_WARN_NON_LITERAL_NULL_CONVERSION = YES;
				CLANG_WARN_OBJC_IMPLICIT_RETAIN_SELF = YES;
				CLANG_WARN_OBJC_LITERAL_CONVERSION = YES;
				CLANG_WARN_OBJC_ROOT_CLASS = YES_ERROR;
				CLANG_WARN_RANGE_LOOP_ANALYSIS = YES;
				CLANG_WARN_STRICT_PROTOTYPES = YES;
				CLANG_WARN_SUSPICIOUS_MOVE = YES;
				CLANG_WARN_UNGUARDED_AVAILABILITY = YES_AGGRESSIVE;
				CLANG_WARN_UNREACHABLE_CODE = YES;
				CLANG_WARN__DUPLICATE_METHOD_MATCH = YES;
				CODE_SIGN_IDENTITY = "iPhone Developer";
				COPY_PHASE_STRIP = NO;
				DEBUG_INFORMATION_FORMAT = "dwarf-with-dsym";
				ENABLE_NS_ASSERTIONS = NO;
				ENABLE_STRICT_OBJC_MSGSEND = YES;
				GCC_C_LANGUAGE_STANDARD = gnu11;
				GCC_NO_COMMON_BLOCKS = YES;
				GCC_WARN_64_TO_32_BIT_CONVERSION = YES;
				GCC_WARN_ABOUT_RETURN_TYPE = YES_ERROR;
				GCC_WARN_UNDECLARED_SELECTOR = YES;
				GCC_WARN_UNINITIALIZED_AUTOS = YES_AGGRESSIVE;
				GCC_WARN_UNUSED_FUNCTION = YES;
				GCC_WARN_UNUSED_VARIABLE = YES;
				IPHONEOS_DEPLOYMENT_TARGET = 11.3;
				MTL_ENABLE_DEBUG_INFO = NO;
				SDKROOT = iphoneos;
				SWIFT_COMPILATION_MODE = wholemodule;
				SWIFT_OPTIMIZATION_LEVEL = "-O";
				VALIDATE_PRODUCT = YES;
			};
			name = Release;
		};
		8B35901120B8AB5D000BD1F9 /* Debug */ = {
			isa = XCBuildConfiguration;
			buildSettings = {
				ASSETCATALOG_COMPILER_APPICON_NAME = AppIcon;
				CODE_SIGN_STYLE = Automatic;
				DEVELOPMENT_TEAM = W2KEXS5HR9;
				FRAMEWORK_SEARCH_PATHS = (
					"$(inherited)",
					"$(PROJECT_DIR)/Carthage/Build/iOS",
				);
				INFOPLIST_FILE = Joiyce/Info.plist;
				LD_RUNPATH_SEARCH_PATHS = (
					"$(inherited)",
					"@executable_path/Frameworks",
				);
				PRODUCT_BUNDLE_IDENTIFIER = com.toonvanstrijp.Joiyce;
				PRODUCT_NAME = "$(TARGET_NAME)";
				SWIFT_VERSION = 4.0;
				TARGETED_DEVICE_FAMILY = "1,2";
			};
			name = Debug;
		};
		8B35901220B8AB5D000BD1F9 /* Release */ = {
			isa = XCBuildConfiguration;
			buildSettings = {
				ASSETCATALOG_COMPILER_APPICON_NAME = AppIcon;
				CODE_SIGN_STYLE = Automatic;
				DEVELOPMENT_TEAM = W2KEXS5HR9;
				FRAMEWORK_SEARCH_PATHS = (
					"$(inherited)",
					"$(PROJECT_DIR)/Carthage/Build/iOS",
				);
				INFOPLIST_FILE = Joiyce/Info.plist;
				LD_RUNPATH_SEARCH_PATHS = (
					"$(inherited)",
					"@executable_path/Frameworks",
				);
				PRODUCT_BUNDLE_IDENTIFIER = com.toonvanstrijp.Joiyce;
				PRODUCT_NAME = "$(TARGET_NAME)";
				SWIFT_VERSION = 4.0;
				TARGETED_DEVICE_FAMILY = "1,2";
			};
			name = Release;
		};
		8B35901420B8AB5D000BD1F9 /* Debug */ = {
			isa = XCBuildConfiguration;
			buildSettings = {
				ALWAYS_EMBED_SWIFT_STANDARD_LIBRARIES = YES;
				BUNDLE_LOADER = "$(TEST_HOST)";
				CODE_SIGN_STYLE = Automatic;
				DEVELOPMENT_TEAM = W2KEXS5HR9;
				INFOPLIST_FILE = JoiyceTests/Info.plist;
				LD_RUNPATH_SEARCH_PATHS = (
					"$(inherited)",
					"@executable_path/Frameworks",
					"@loader_path/Frameworks",
				);
				PRODUCT_BUNDLE_IDENTIFIER = com.toonvanstrijp.JoiyceTests;
				PRODUCT_NAME = "$(TARGET_NAME)";
				SWIFT_VERSION = 4.0;
				TARGETED_DEVICE_FAMILY = "1,2";
				TEST_HOST = "$(BUILT_PRODUCTS_DIR)/Joiyce.app/Joiyce";
			};
			name = Debug;
		};
		8B35901520B8AB5D000BD1F9 /* Release */ = {
			isa = XCBuildConfiguration;
			buildSettings = {
				ALWAYS_EMBED_SWIFT_STANDARD_LIBRARIES = YES;
				BUNDLE_LOADER = "$(TEST_HOST)";
				CODE_SIGN_STYLE = Automatic;
				DEVELOPMENT_TEAM = W2KEXS5HR9;
				INFOPLIST_FILE = JoiyceTests/Info.plist;
				LD_RUNPATH_SEARCH_PATHS = (
					"$(inherited)",
					"@executable_path/Frameworks",
					"@loader_path/Frameworks",
				);
				PRODUCT_BUNDLE_IDENTIFIER = com.toonvanstrijp.JoiyceTests;
				PRODUCT_NAME = "$(TARGET_NAME)";
				SWIFT_VERSION = 4.0;
				TARGETED_DEVICE_FAMILY = "1,2";
				TEST_HOST = "$(BUILT_PRODUCTS_DIR)/Joiyce.app/Joiyce";
			};
			name = Release;
		};
		8B35901720B8AB5D000BD1F9 /* Debug */ = {
			isa = XCBuildConfiguration;
			buildSettings = {
				ALWAYS_EMBED_SWIFT_STANDARD_LIBRARIES = YES;
				CODE_SIGN_STYLE = Automatic;
				DEVELOPMENT_TEAM = W2KEXS5HR9;
				INFOPLIST_FILE = JoiyceUITests/Info.plist;
				LD_RUNPATH_SEARCH_PATHS = (
					"$(inherited)",
					"@executable_path/Frameworks",
					"@loader_path/Frameworks",
				);
				PRODUCT_BUNDLE_IDENTIFIER = com.toonvanstrijp.JoiyceUITests;
				PRODUCT_NAME = "$(TARGET_NAME)";
				SWIFT_VERSION = 4.0;
				TARGETED_DEVICE_FAMILY = "1,2";
				TEST_TARGET_NAME = Joiyce;
			};
			name = Debug;
		};
		8B35901820B8AB5D000BD1F9 /* Release */ = {
			isa = XCBuildConfiguration;
			buildSettings = {
				ALWAYS_EMBED_SWIFT_STANDARD_LIBRARIES = YES;
				CODE_SIGN_STYLE = Automatic;
				DEVELOPMENT_TEAM = W2KEXS5HR9;
				INFOPLIST_FILE = JoiyceUITests/Info.plist;
				LD_RUNPATH_SEARCH_PATHS = (
					"$(inherited)",
					"@executable_path/Frameworks",
					"@loader_path/Frameworks",
				);
				PRODUCT_BUNDLE_IDENTIFIER = com.toonvanstrijp.JoiyceUITests;
				PRODUCT_NAME = "$(TARGET_NAME)";
				SWIFT_VERSION = 4.0;
				TARGETED_DEVICE_FAMILY = "1,2";
				TEST_TARGET_NAME = Joiyce;
			};
			name = Release;
		};
/* End XCBuildConfiguration section */

/* Begin XCConfigurationList section */
		8B358FE320B8AB5B000BD1F9 /* Build configuration list for PBXProject "Joiyce" */ = {
			isa = XCConfigurationList;
			buildConfigurations = (
				8B35900E20B8AB5D000BD1F9 /* Debug */,
				8B35900F20B8AB5D000BD1F9 /* Release */,
			);
			defaultConfigurationIsVisible = 0;
			defaultConfigurationName = Release;
		};
		8B35901020B8AB5D000BD1F9 /* Build configuration list for PBXNativeTarget "Joiyce" */ = {
			isa = XCConfigurationList;
			buildConfigurations = (
				8B35901120B8AB5D000BD1F9 /* Debug */,
				8B35901220B8AB5D000BD1F9 /* Release */,
			);
			defaultConfigurationIsVisible = 0;
			defaultConfigurationName = Release;
		};
		8B35901320B8AB5D000BD1F9 /* Build configuration list for PBXNativeTarget "JoiyceTests" */ = {
			isa = XCConfigurationList;
			buildConfigurations = (
				8B35901420B8AB5D000BD1F9 /* Debug */,
				8B35901520B8AB5D000BD1F9 /* Release */,
			);
			defaultConfigurationIsVisible = 0;
			defaultConfigurationName = Release;
		};
		8B35901620B8AB5D000BD1F9 /* Build configuration list for PBXNativeTarget "JoiyceUITests" */ = {
			isa = XCConfigurationList;
			buildConfigurations = (
				8B35901720B8AB5D000BD1F9 /* Debug */,
				8B35901820B8AB5D000BD1F9 /* Release */,
			);
			defaultConfigurationIsVisible = 0;
			defaultConfigurationName = Release;
		};
/* End XCConfigurationList section */
	};
	rootObject = 8B358FE020B8AB5B000BD1F9 /* Project object */;
}
